// !$*UTF8*$!
{
	archiveVersion = 1;
	classes = {
	};
	objectVersion = 46;
	objects = {

/* Begin PBXBuildFile section */
		06A584A519F929B800F46C9F /* main.cpp in Sources */ = {isa = PBXBuildFile; fileRef = 06A584A419F929B800F46C9F /* main.cpp */; };
		06BEB77A19F9405A00E030DE /* libc++.dylib in Frameworks */ = {isa = PBXBuildFile; fileRef = 06BEB77919F9405A00E030DE /* libc++.dylib */; };
		06BEB77E19F9422100E030DE /* libopencv_core.3.0.0.dylib in Frameworks */ = {isa = PBXBuildFile; fileRef = 06BEB77B19F9422100E030DE /* libopencv_core.3.0.0.dylib */; };
		06BEB77F19F9422100E030DE /* libopencv_highgui.3.0.0.dylib in Frameworks */ = {isa = PBXBuildFile; fileRef = 06BEB77C19F9422100E030DE /* libopencv_highgui.3.0.0.dylib */; };
		06BEB78019F9422100E030DE /* libopencv_imgproc.3.0.0.dylib in Frameworks */ = {isa = PBXBuildFile; fileRef = 06BEB77D19F9422100E030DE /* libopencv_imgproc.3.0.0.dylib */; };
/* End PBXBuildFile section */

/* Begin PBXCopyFilesBuildPhase section */
		06A5849F19F929B800F46C9F /* CopyFiles */ = {
			isa = PBXCopyFilesBuildPhase;
			buildActionMask = 2147483647;
			dstPath = /usr/share/man/man1/;
			dstSubfolderSpec = 0;
			files = (
			);
			runOnlyForDeploymentPostprocessing = 1;
		};
/* End PBXCopyFilesBuildPhase section */

/* Begin PBXFileReference section */
		06A584A119F929B800F46C9F /* kawanokadai1 */ = {isa = PBXFileReference; explicitFileType = "compiled.mach-o.executable"; includeInIndex = 0; path = kawanokadai1; sourceTree = BUILT_PRODUCTS_DIR; };
		06A584A419F929B800F46C9F /* main.cpp */ = {isa = PBXFileReference; lastKnownFileType = sourcecode.cpp.cpp; path = main.cpp; sourceTree = "<group>"; };
		06BEB77919F9405A00E030DE /* libc++.dylib */ = {isa = PBXFileReference; lastKnownFileType = "compiled.mach-o.dylib"; name = "libc++.dylib"; path = "usr/lib/libc++.dylib"; sourceTree = SDKROOT; };
		06BEB77B19F9422100E030DE /* libopencv_core.3.0.0.dylib */ = {isa = PBXFileReference; lastKnownFileType = "compiled.mach-o.dylib"; name = libopencv_core.3.0.0.dylib; path = ../../../../usr/local/lib/libopencv_core.3.0.0.dylib; sourceTree = "<group>"; };
		06BEB77C19F9422100E030DE /* libopencv_highgui.3.0.0.dylib */ = {isa = PBXFileReference; lastKnownFileType = "compiled.mach-o.dylib"; name = libopencv_highgui.3.0.0.dylib; path = ../../../../usr/local/lib/libopencv_highgui.3.0.0.dylib; sourceTree = "<group>"; };
		06BEB77D19F9422100E030DE /* libopencv_imgproc.3.0.0.dylib */ = {isa = PBXFileReference; lastKnownFileType = "compiled.mach-o.dylib"; name = libopencv_imgproc.3.0.0.dylib; path = ../../../../usr/local/lib/libopencv_imgproc.3.0.0.dylib; sourceTree = "<group>"; };
/* End PBXFileReference section */

/* Begin PBXFrameworksBuildPhase section */
		06A5849E19F929B800F46C9F /* Frameworks */ = {
			isa = PBXFrameworksBuildPhase;
			buildActionMask = 2147483647;
			files = (
				06BEB77E19F9422100E030DE /* libopencv_core.3.0.0.dylib in Frameworks */,
				06BEB77F19F9422100E030DE /* libopencv_highgui.3.0.0.dylib in Frameworks */,
				06BEB78019F9422100E030DE /* libopencv_imgproc.3.0.0.dylib in Frameworks */,
				06BEB77A19F9405A00E030DE /* libc++.dylib in Frameworks */,
			);
			runOnlyForDeploymentPostprocessing = 0;
		};
/* End PBXFrameworksBuildPhase section */

/* Begin PBXGroup section */
		06A5849819F929B800F46C9F = {
			isa = PBXGroup;
			children = (
				06BEB77B19F9422100E030DE /* libopencv_core.3.0.0.dylib */,
				06BEB77C19F9422100E030DE /* libopencv_highgui.3.0.0.dylib */,
				06BEB77D19F9422100E030DE /* libopencv_imgproc.3.0.0.dylib */,
				06BEB77919F9405A00E030DE /* libc++.dylib */,
				06A584A319F929B800F46C9F /* kawanokadai1 */,
				06A584A219F929B800F46C9F /* Products */,
			);
			sourceTree = "<group>";
		};
		06A584A219F929B800F46C9F /* Products */ = {
			isa = PBXGroup;
			children = (
				06A584A119F929B800F46C9F /* kawanokadai1 */,
			);
			name = Products;
			sourceTree = "<group>";
		};
		06A584A319F929B800F46C9F /* kawanokadai1 */ = {
			isa = PBXGroup;
			children = (
				06A584A419F929B800F46C9F /* main.cpp */,
			);
			path = kawanokadai1;
			sourceTree = "<group>";
		};
/* End PBXGroup section */

/* Begin PBXNativeTarget section */
		06A584A019F929B800F46C9F /* kawanokadai1 */ = {
			isa = PBXNativeTarget;
			buildConfigurationList = 06A584A819F929B800F46C9F /* Build configuration list for PBXNativeTarget "kawanokadai1" */;
			buildPhases = (
				06A5849D19F929B800F46C9F /* Sources */,
				06A5849E19F929B800F46C9F /* Frameworks */,
				06A5849F19F929B800F46C9F /* CopyFiles */,
			);
			buildRules = (
			);
			dependencies = (
			);
			name = kawanokadai1;
			productName = kawanokadai1;
			productReference = 06A584A119F929B800F46C9F /* kawanokadai1 */;
			productType = "com.apple.product-type.tool";
		};
/* End PBXNativeTarget section */

/* Begin PBXProject section */
		06A5849919F929B800F46C9F /* Project object */ = {
			isa = PBXProject;
			attributes = {
				LastUpgradeCheck = 0610;
				ORGANIZATIONNAME = "合田佑司";
				TargetAttributes = {
					06A584A019F929B800F46C9F = {
						CreatedOnToolsVersion = 6.1;
					};
				};
			};
			buildConfigurationList = 06A5849C19F929B800F46C9F /* Build configuration list for PBXProject "kawanokadai1" */;
			compatibilityVersion = "Xcode 3.2";
			developmentRegion = English;
			hasScannedForEncodings = 0;
			knownRegions = (
				en,
			);
			mainGroup = 06A5849819F929B800F46C9F;
			productRefGroup = 06A584A219F929B800F46C9F /* Products */;
			projectDirPath = "";
			projectRoot = "";
			targets = (
				06A584A019F929B800F46C9F /* kawanokadai1 */,
			);
		};
/* End PBXProject section */

/* Begin PBXSourcesBuildPhase section */
		06A5849D19F929B800F46C9F /* Sources */ = {
			isa = PBXSourcesBuildPhase;
			buildActionMask = 2147483647;
			files = (
				06A584A519F929B800F46C9F /* main.cpp in Sources */,
			);
			runOnlyForDeploymentPostprocessing = 0;
		};
/* End PBXSourcesBuildPhase section */

/* Begin XCBuildConfiguration section */
		06A584A619F929B800F46C9F /* Debug */ = {
			isa = XCBuildConfiguration;
			buildSettings = {
				ALWAYS_SEARCH_USER_PATHS = NO;
				CLANG_CXX_LANGUAGE_STANDARD = "gnu++0x";
				CLANG_CXX_LIBRARY = "libc++";
				CLANG_ENABLE_MODULES = YES;
				CLANG_ENABLE_OBJC_ARC = YES;
				CLANG_WARN_BOOL_CONVERSION = YES;
				CLANG_WARN_CONSTANT_CONVERSION = YES;
				CLANG_WARN_DIRECT_OBJC_ISA_USAGE = YES_ERROR;
				CLANG_WARN_EMPTY_BODY = YES;
				CLANG_WARN_ENUM_CONVERSION = YES;
				CLANG_WARN_INT_CONVERSION = YES;
				CLANG_WARN_OBJC_ROOT_CLASS = YES_ERROR;
				CLANG_WARN_UNREACHABLE_CODE = YES;
				CLANG_WARN__DUPLICATE_METHOD_MATCH = YES;
				COPY_PHASE_STRIP = NO;
				ENABLE_STRICT_OBJC_MSGSEND = YES;
				GCC_C_LANGUAGE_STANDARD = gnu99;
				GCC_DYNAMIC_NO_PIC = NO;
				GCC_OPTIMIZATION_LEVEL = 0;
				GCC_PREPROCESSOR_DEFINITIONS = (
					"DEBUG=1",
					"$(inherited)",
				);
				GCC_SYMBOLS_PRIVATE_EXTERN = NO;
				GCC_WARN_64_TO_32_BIT_CONVERSION = YES;
				GCC_WARN_ABOUT_RETURN_TYPE = YES_ERROR;
				GCC_WARN_UNDECLARED_SELECTOR = YES;
				GCC_WARN_UNINITIALIZED_AUTOS = YES_AGGRESSIVE;
				GCC_WARN_UNUSED_FUNCTION = YES;
				GCC_WARN_UNUSED_VARIABLE = YES;
				MACOSX_DEPLOYMENT_TARGET = 10.10;
				MTL_ENABLE_DEBUG_INFO = YES;
				ONLY_ACTIVE_ARCH = YES;
				SDKROOT = macosx;
			};
			name = Debug;
		};
		06A584A719F929B800F46C9F /* Release */ = {
			isa = XCBuildConfiguration;
			buildSettings = {
				ALWAYS_SEARCH_USER_PATHS = NO;
				CLANG_CXX_LANGUAGE_STANDARD = "gnu++0x";
				CLANG_CXX_LIBRARY = "libc++";
				CLANG_ENABLE_MODULES = YES;
				CLANG_ENABLE_OBJC_ARC = YES;
				CLANG_WARN_BOOL_CONVERSION = YES;
				CLANG_WARN_CONSTANT_CONVERSION = YES;
				CLANG_WARN_DIRECT_OBJC_ISA_USAGE = YES_ERROR;
				CLANG_WARN_EMPTY_BODY = YES;
				CLANG_WARN_ENUM_CONVERSION = YES;
				CLANG_WARN_INT_CONVERSION = YES;
				CLANG_WARN_OBJC_ROOT_CLASS = YES_ERROR;
				CLANG_WARN_UNREACHABLE_CODE = YES;
				CLANG_WARN__DUPLICATE_METHOD_MATCH = YES;
				COPY_PHASE_STRIP = YES;
				DEBUG_INFORMATION_FORMAT = "dwarf-with-dsym";
				ENABLE_NS_ASSERTIONS = NO;
				ENABLE_STRICT_OBJC_MSGSEND = YES;
				GCC_C_LANGUAGE_STANDARD = gnu99;
				GCC_WARN_64_TO_32_BIT_CONVERSION = YES;
				GCC_WARN_ABOUT_RETURN_TYPE = YES_ERROR;
				GCC_WARN_UNDECLARED_SELECTOR = YES;
				GCC_WARN_UNINITIALIZED_AUTOS = YES_AGGRESSIVE;
				GCC_WARN_UNUSED_FUNCTION = YES;
				GCC_WARN_UNUSED_VARIABLE = YES;
				MACOSX_DEPLOYMENT_TARGET = 10.10;
				MTL_ENABLE_DEBUG_INFO = NO;
				SDKROOT = macosx;
			};
			name = Release;
		};
		06A584A919F929B800F46C9F /* Debug */ = {
			isa = XCBuildConfiguration;
			buildSettings = {
				HEADER_SEARCH_PATHS = (
					"$(inherited)",
					/Applications/Xcode.app/Contents/Developer/Toolchains/XcodeDefault.xctoolchain/usr/include,
					/usr/local/include,
				);
				LIBRARY_SEARCH_PATHS = (
					"$(inherited)",
					"$(LOCAL_LIBRARY_DIR)/opencv-3.0.0-alpha/build/lib/Debug",
					/usr/local/lib,
				);
				PRODUCT_NAME = "$(TARGET_NAME)";
			};
			name = Debug;
		};
		06A584AA19F929B800F46C9F /* Release */ = {
			isa = XCBuildConfiguration;
			buildSettings = {
				HEADER_SEARCH_PATHS = (
					"$(inherited)",
					/Applications/Xcode.app/Contents/Developer/Toolchains/XcodeDefault.xctoolchain/usr/include,
					/usr/local/include,
				);
				LIBRARY_SEARCH_PATHS = (
					"$(inherited)",
					"$(LOCAL_LIBRARY_DIR)/opencv-3.0.0-alpha/build/lib/Debug",
					/usr/local/lib,
				);
				PRODUCT_NAME = "$(TARGET_NAME)";
			};
			name = Release;
		};
/* End XCBuildConfiguration section */

/* Begin XCConfigurationList section */
		06A5849C19F929B800F46C9F /* Build configuration list for PBXProject "kawanokadai1" */ = {
			isa = XCConfigurationList;
			buildConfigurations = (
				06A584A619F929B800F46C9F /* Debug */,
				06A584A719F929B800F46C9F /* Release */,
			);
			defaultConfigurationIsVisible = 0;
			defaultConfigurationName = Release;
		};
		06A584A819F929B800F46C9F /* Build configuration list for PBXNativeTarget "kawanokadai1" */ = {
			isa = XCConfigurationList;
			buildConfigurations = (
				06A584A919F929B800F46C9F /* Debug */,
				06A584AA19F929B800F46C9F /* Release */,
			);
			defaultConfigurationIsVisible = 0;
			defaultConfigurationName = Release;
		};
/* End XCConfigurationList section */
	};
	rootObject = 06A5849919F929B800F46C9F /* Project object */;
}
